
Microsoft Visual Studio Solution File, Format Version 12.00
# Visual Studio 14
VisualStudioVersion = 14.0.25123.0
MinimumVisualStudioVersion = 10.0.40219.1
Project("{FAE04EC0-301F-11D3-BF4B-00C04F79EFBC}") = "Luna", "Luna\Luna.csproj", "{B6776DA8-2608-44C2-9228-E287381FDEC1}"
EndProject
Project("{FAE04EC0-301F-11D3-BF4B-00C04F79EFBC}") = "Luna.Tests", "Luna.Tests\Luna.Tests.csproj", "{0B1C5E0D-63BF-44D7-98A0-281C57C9299D}"
EndProject
Global
	GlobalSection(SolutionConfigurationPlatforms) = preSolution
		Debug|Any CPU = Debug|Any CPU
		Release|Any CPU = Release|Any CPU
	EndGlobalSection
	GlobalSection(ProjectConfigurationPlatforms) = postSolution
		{B6776DA8-2608-44C2-9228-E287381FDEC1}.Debug|Any CPU.ActiveCfg = Debug|Any CPU
		{B6776DA8-2608-44C2-9228-E287381FDEC1}.Debug|Any CPU.Build.0 = Debug|Any CPU
		{B6776DA8-2608-44C2-9228-E287381FDEC1}.Release|Any CPU.ActiveCfg = Release|Any CPU
		{B6776DA8-2608-44C2-9228-E287381FDEC1}.Release|Any CPU.Build.0 = Release|Any CPU
		{0B1C5E0D-63BF-44D7-98A0-281C57C9299D}.Debug|Any CPU.ActiveCfg = Debug|Any CPU
		{0B1C5E0D-63BF-44D7-98A0-281C57C9299D}.Debug|Any CPU.Build.0 = Debug|Any CPU
		{0B1C5E0D-63BF-44D7-98A0-281C57C9299D}.Release|Any CPU.ActiveCfg = Release|Any CPU
		{0B1C5E0D-63BF-44D7-98A0-281C57C9299D}.Release|Any CPU.Build.0 = Release|Any CPU
	EndGlobalSection
	GlobalSection(SolutionProperties) = preSolution
		HideSolutionNode = FALSE
	EndGlobalSection
EndGlobal
